
Microsoft Visual Studio Solution File, Format Version 12.00
# Visual Studio Version 16
VisualStudioVersion = 16.0.31515.178
MinimumVisualStudioVersion = 10.0.40219.1
Project("{FAE04EC0-301F-11D3-BF4B-00C04F79EFBC}") = "lab2", "lab2\lab2.csproj", "{93EE1301-371F-4F30-8661-0CB2067F474D}"
EndProject
Global
	GlobalSection(SolutionConfigurationPlatforms) = preSolution
		Debug|Any CPU = Debug|Any CPU
		Release|Any CPU = Release|Any CPU
	EndGlobalSection
	GlobalSection(ProjectConfigurationPlatforms) = postSolution
		{93EE1301-371F-4F30-8661-0CB2067F474D}.Debug|Any CPU.ActiveCfg = Debug|Any CPU
		{93EE1301-371F-4F30-8661-0CB2067F474D}.Debug|Any CPU.Build.0 = Debug|Any CPU
		{93EE1301-371F-4F30-8661-0CB2067F474D}.Release|Any CPU.ActiveCfg = Release|Any CPU
		{93EE1301-371F-4F30-8661-0CB2067F474D}.Release|Any CPU.Build.0 = Release|Any CPU
	EndGlobalSection
	GlobalSection(SolutionProperties) = preSolution
		HideSolutionNode = FALSE
	EndGlobalSection
	GlobalSection(ExtensibilityGlobals) = postSolution
		SolutionGuid = {6FCF6520-FEF6-43F8-9DA4-0731E25FAF90}
	EndGlobalSection
EndGlobal
